
Microsoft Visual Studio Solution File, Format Version 12.00
# Visual Studio 15
VisualStudioVersion = 15.0.28307.168
MinimumVisualStudioVersion = 10.0.40219.1
Project("{FAE04EC0-301F-11D3-BF4B-00C04F79EFBC}") = "EvergreenLibrary", "EvergreenLibrary\EvergreenLibrary.csproj", "{F63AF381-FEC9-47D4-9237-CE7D83DA783F}"
EndProject
Global
	GlobalSection(SolutionConfigurationPlatforms) = preSolution
		Debug|Any CPU = Debug|Any CPU
		Release|Any CPU = Release|Any CPU
	EndGlobalSection
	GlobalSection(ProjectConfigurationPlatforms) = postSolution
		{F63AF381-FEC9-47D4-9237-CE7D83DA783F}.Debug|Any CPU.ActiveCfg = Debug|Any CPU
		{F63AF381-FEC9-47D4-9237-CE7D83DA783F}.Debug|Any CPU.Build.0 = Debug|Any CPU
		{F63AF381-FEC9-47D4-9237-CE7D83DA783F}.Release|Any CPU.ActiveCfg = Release|Any CPU
		{F63AF381-FEC9-47D4-9237-CE7D83DA783F}.Release|Any CPU.Build.0 = Release|Any CPU
	EndGlobalSection
	GlobalSection(SolutionProperties) = preSolution
		HideSolutionNode = FALSE
	EndGlobalSection
	GlobalSection(ExtensibilityGlobals) = postSolution
		SolutionGuid = {B56D57DA-46E4-4D42-8D87-A5E59989C997}
	EndGlobalSection
EndGlobal
